{
  "lockfile_version": "1",
  "packages": {
    "cargo@latest": {
      "last_modified": "2023-05-01T16:53:22Z",
      "resolved": "github:NixOS/nixpkgs/8670e496ffd093b60e74e7fa53526aa5920d09eb#cargo",
      "version": "1.69.0"
    },
    "fzf@latest": {
      "last_modified": "2023-05-01T16:53:22Z",
      "resolved": "github:NixOS/nixpkgs/8670e496ffd093b60e74e7fa53526aa5920d09eb#fzf",
      "version": "0.40.0"
    },
    "gh@latest": {
      "last_modified": "2023-05-01T16:53:22Z",
      "resolved": "github:NixOS/nixpkgs/8670e496ffd093b60e74e7fa53526aa5920d09eb#gh",
      "version": "2.28.0"
    },
    "go@latest": {
      "last_modified": "2023-05-01T16:53:22Z",
      "resolved": "github:NixOS/nixpkgs/8670e496ffd093b60e74e7fa53526aa5920d09eb#go",
      "version": "1.20.3"
    },
    "ripgrep@latest": {
      "last_modified": "2023-05-01T16:53:22Z",
      "resolved": "github:NixOS/nixpkgs/8670e496ffd093b60e74e7fa53526aa5920d09eb#ripgrep",
      "version": "13.0.0"
    },
    "starship@latest": {
      "last_modified": "2023-05-01T16:53:22Z",
      "resolved": "github:NixOS/nixpkgs/8670e496ffd093b60e74e7fa53526aa5920d09eb#starship",
      "version": "1.14.2"
    },
    "statix@latest": {
      "last_modified": "2023-05-01T16:53:22Z",
      "resolved": "github:NixOS/nixpkgs/8670e496ffd093b60e74e7fa53526aa5920d09eb#statix",
      "version": "0.5.6"
    },
    "tmux@latest": {
      "last_modified": "2023-05-01T16:53:22Z",
      "resolved": "github:NixOS/nixpkgs/8670e496ffd093b60e74e7fa53526aa5920d09eb#tmux",
      "version": "3.3a"
    },
    "wl-clipboard@latest": {
      "last_modified": "2023-05-01T16:53:22Z",
      "resolved": "github:NixOS/nixpkgs/8670e496ffd093b60e74e7fa53526aa5920d09eb#wl-clipboard",
      "version": "2.1.0"
    },
    "zoxide@latest": {
      "last_modified": "2023-05-01T16:53:22Z",
      "resolved": "github:NixOS/nixpkgs/8670e496ffd093b60e74e7fa53526aa5920d09eb#zoxide",
      "version": "0.9.0"
    }
  }
}