{
  "nodes": {
    "graphify-src": {
      "flake": false,
      "locked": {
        "lastModified": 1787584038,
        "narHash": "sha256-Nx0U3pUsCMQ2O/kem6cyfEdx4GhyZJ2m4s8WpEN+gz4=",
        "owner": "rbelem",
        "repo": "graphify",
        "rev": "50caacac8b7bb446e617dba9cbe5e35f51b07c7d",
        "type": "github"
      },
      "original": {
        "owner": "rbelem",
        "ref": "v9-perl",
        "repo": "graphify",
        "type": "github"
      }
    },
    "nixpkgs": {
      "locked": {
        "lastModified": 1784497964,
        "narHash": "sha256-vlHUuqAcbcH2RKmHbPiuQzbv1pnzzavXnI62RD0bqCU=",
        "owner": "NixOS",
        "repo": "nixpkgs",
        "rev": "241313f4e8e508cb9b13278c2b0fa25b9ca27163",
        "type": "github"
      },
      "original": {
        "owner": "NixOS",
        "ref": "nixos-unstable",
        "repo": "nixpkgs",
        "type": "github"
      }
    },
    "root": {
      "inputs": {
        "graphify-src": "graphify-src",
        "nixpkgs": "nixpkgs"
      }
    }
  },
  "root": "root",
  "version": 7
}
