{
  "nodes": {
    "graphify-src": {
      "flake": false,
      "locked": {
        "lastModified": 1784554679,
        "narHash": "sha256-8Jh9OnGRLS9SZyfiJCYm3/Bx+5DgRPaBrcHydUhL+oQ=",
        "owner": "rbelem",
        "repo": "graphify",
        "rev": "a971385d3601d2b880bcfe2a4d6e1380acd03c59",
        "type": "github"
      },
      "original": {
        "owner": "rbelem",
        "ref": "v9-perl",
        "repo": "graphify",
        "type": "github"
      }
    },
    "nixpkgs": {
      "locked": {
        "lastModified": 1781074563,
        "narHash": "sha256-md8WlXOlfnIeHeOScMTTHFyf2d6iaTwPl2apR5EQ3P4=",
        "owner": "NixOS",
        "repo": "nixpkgs",
        "rev": "9ae611a455b90cf061d8f332b977e387bda8e1ca",
        "type": "github"
      },
      "original": {
        "owner": "NixOS",
        "ref": "nixos-unstable",
        "repo": "nixpkgs",
        "type": "github"
      }
    },
    "root": {
      "inputs": {
        "graphify-src": "graphify-src",
        "nixpkgs": "nixpkgs"
      }
    }
  },
  "root": "root",
  "version": 7
}
