{
  "nodes": {
    "graphify-src": {
      "flake": false,
      "locked": {
        "lastModified": 1781019260,
        "narHash": "sha256-uG1ZuJ9wnuxragTbNIWVN5TzoVq3aDnz2NTp1b7iUx4=",
        "owner": "rbelem",
        "repo": "graphify",
        "rev": "387742eb9cc82a8d1de70cd9460ecbffb039ab55",
        "type": "github"
      },
      "original": {
        "owner": "rbelem",
        "ref": "v8-perl",
        "repo": "graphify",
        "type": "github"
      }
    },
    "nixpkgs": {
      "locked": {
        "lastModified": 1776548001,
        "narHash": "sha256-ZSK0NL4a1BwVbbTBoSnWgbJy9HeZFXLYQizjb2DPF24=",
        "owner": "NixOS",
        "repo": "nixpkgs",
        "rev": "b12141ef619e0a9c1c84dc8c684040326f27cdcc",
        "type": "github"
      },
      "original": {
        "owner": "NixOS",
        "ref": "nixos-unstable",
        "repo": "nixpkgs",
        "type": "github"
      }
    },
    "root": {
      "inputs": {
        "graphify-src": "graphify-src",
        "nixpkgs": "nixpkgs"
      }
    }
  },
  "root": "root",
  "version": 7
}
