{
  "nodes": {
    "docling-src": {
      "flake": false,
      "locked": {
        "lastModified": 1782901728,
        "narHash": "sha256-jDBPwz+d5OHw09+ZdP709y5Wjrak05shj9ecMRRj/Ms=",
        "owner": "docling-project",
        "repo": "docling",
        "rev": "5401ead31be05db19c7da42688e85cc611cacc7d",
        "type": "github"
      },
      "original": {
        "owner": "docling-project",
        "ref": "v2.108.0",
        "repo": "docling",
        "type": "github"
      }
    },
    "nixpkgs": {
      "locked": {
        "lastModified": 1777954456,
        "narHash": "sha256-hGdgeU2Nk87RAuZyYjyDjFL6LK7dAZN5RE9+hrDTkDU=",
        "owner": "NixOS",
        "repo": "nixpkgs",
        "rev": "549bd84d6279f9852cae6225e372cc67fb91a4c1",
        "type": "github"
      },
      "original": {
        "owner": "NixOS",
        "ref": "nixos-unstable",
        "repo": "nixpkgs",
        "type": "github"
      }
    },
    "root": {
      "inputs": {
        "docling-src": "docling-src",
        "nixpkgs": "nixpkgs"
      }
    }
  },
  "root": "root",
  "version": 7
}
