{
  "nodes": {
    "docling-src": {
      "flake": false,
      "locked": {
        "lastModified": 1782306630,
        "narHash": "sha256-66banfdEn7uSH2En9YkyfqEt9dERzH8wSMRRBJ0pHEY=",
        "owner": "docling-project",
        "repo": "docling",
        "rev": "2147370b5a2611ffb93ed636210c015cf67ffafd",
        "type": "github"
      },
      "original": {
        "owner": "docling-project",
        "ref": "v2.107.0",
        "repo": "docling",
        "type": "github"
      }
    },
    "nixpkgs": {
      "locked": {
        "lastModified": 1777954456,
        "narHash": "sha256-hGdgeU2Nk87RAuZyYjyDjFL6LK7dAZN5RE9+hrDTkDU=",
        "owner": "NixOS",
        "repo": "nixpkgs",
        "rev": "549bd84d6279f9852cae6225e372cc67fb91a4c1",
        "type": "github"
      },
      "original": {
        "owner": "NixOS",
        "ref": "nixos-unstable",
        "repo": "nixpkgs",
        "type": "github"
      }
    },
    "root": {
      "inputs": {
        "docling-src": "docling-src",
        "nixpkgs": "nixpkgs"
      }
    }
  },
  "root": "root",
  "version": 7
}
