{
  "nodes": {
    "docling-src": {
      "flake": false,
      "locked": {
        "lastModified": 1781844655,
        "narHash": "sha256-QVf5eg2g7Q+KDvxu+75bJ0p2h8ywLC9MTpWUzxXw4OI=",
        "owner": "docling-project",
        "repo": "docling",
        "rev": "f1c4d4ef517de4b0d75ba125d72c2a6d20b6dd97",
        "type": "github"
      },
      "original": {
        "owner": "docling-project",
        "ref": "v2.104.0",
        "repo": "docling",
        "type": "github"
      }
    },
    "nixpkgs": {
      "locked": {
        "lastModified": 1777954456,
        "narHash": "sha256-hGdgeU2Nk87RAuZyYjyDjFL6LK7dAZN5RE9+hrDTkDU=",
        "owner": "NixOS",
        "repo": "nixpkgs",
        "rev": "549bd84d6279f9852cae6225e372cc67fb91a4c1",
        "type": "github"
      },
      "original": {
        "owner": "NixOS",
        "ref": "nixos-unstable",
        "repo": "nixpkgs",
        "type": "github"
      }
    },
    "root": {
      "inputs": {
        "docling-src": "docling-src",
        "nixpkgs": "nixpkgs"
      }
    }
  },
  "root": "root",
  "version": 7
}
