{
  "nodes": {
    "codegraph-src": {
      "flake": false,
      "locked": {
        "lastModified": 1787859333,
        "narHash": "sha256-BjY87zaZYGJpaLqERbRgYQl37Ll3heXV7jd4k11DQiA=",
        "owner": "rbelem",
        "repo": "codegraph",
        "rev": "439c2d4e7b13c00859de079d47c051f5260c3e95",
        "type": "github"
      },
      "original": {
        "owner": "rbelem",
        "ref": "v1.6.x-perl",
        "repo": "codegraph",
        "type": "github"
      }
    },
    "nixpkgs": {
      "locked": {
        "lastModified": 1784497964,
        "narHash": "sha256-vlHUuqAcbcH2RKmHbPiuQzbv1pnzzavXnI62RD0bqCU=",
        "owner": "NixOS",
        "repo": "nixpkgs",
        "rev": "241313f4e8e508cb9b13278c2b0fa25b9ca27163",
        "type": "github"
      },
      "original": {
        "owner": "NixOS",
        "ref": "nixos-unstable",
        "repo": "nixpkgs",
        "type": "github"
      }
    },
    "root": {
      "inputs": {
        "codegraph-src": "codegraph-src",
        "nixpkgs": "nixpkgs"
      }
    }
  },
  "root": "root",
  "version": 7
}
