{
  "nodes": {
    "codegraph-src": {
      "flake": false,
      "locked": {
        "lastModified": 1783958987,
        "narHash": "sha256-CfoFXsjioTG9Baq8J4kzqD8cW/8xu8owBECnM+DRpxU=",
        "owner": "rbelem",
        "repo": "codegraph",
        "rev": "b37fb81aa43f1bf21c084522914f07477c99e1c0",
        "type": "github"
      },
      "original": {
        "owner": "rbelem",
        "ref": "v1.4.x-perl",
        "repo": "codegraph",
        "type": "github"
      }
    },
    "nixpkgs": {
      "locked": {
        "lastModified": 1784497964,
        "narHash": "sha256-vlHUuqAcbcH2RKmHbPiuQzbv1pnzzavXnI62RD0bqCU=",
        "owner": "NixOS",
        "repo": "nixpkgs",
        "rev": "241313f4e8e508cb9b13278c2b0fa25b9ca27163",
        "type": "github"
      },
      "original": {
        "owner": "NixOS",
        "ref": "nixos-unstable",
        "repo": "nixpkgs",
        "type": "github"
      }
    },
    "root": {
      "inputs": {
        "codegraph-src": "codegraph-src",
        "nixpkgs": "nixpkgs"
      }
    }
  },
  "root": "root",
  "version": 7
}
