{
  "nodes": {
    "codegraph-src": {
      "flake": false,
      "locked": {
        "lastModified": 1782272361,
        "narHash": "sha256-aJpffuWaECAESUwLBzxoeQvzU2XN4ifemX3aL0xHUQM=",
        "owner": "rbelem",
        "repo": "codegraph",
        "rev": "5bf299af5391954630ddcd246d75250e5b6352c3",
        "type": "github"
      },
      "original": {
        "owner": "rbelem",
        "ref": "v1.1.x-perl",
        "repo": "codegraph",
        "type": "github"
      }
    },
    "nixpkgs": {
      "locked": {
        "lastModified": 1779508470,
        "narHash": "sha256-Ap9KJX+5xHIn3bPIpfNgT6MEXdAECECwo4/rmlQD74M=",
        "owner": "NixOS",
        "repo": "nixpkgs",
        "rev": "29916453413845e54a65b8a1cf996842300cd299",
        "type": "github"
      },
      "original": {
        "owner": "NixOS",
        "ref": "nixos-unstable",
        "repo": "nixpkgs",
        "type": "github"
      }
    },
    "root": {
      "inputs": {
        "codegraph-src": "codegraph-src",
        "nixpkgs": "nixpkgs"
      }
    }
  },
  "root": "root",
  "version": 7
}
